// !$*UTF8*$!
{
	archiveVersion = 1;
	classes = {
	};
	objectVersion = 56;
	objects = {

/* Begin PBXBuildFile section */
		1F4F920CD13433A4D712DA18 /* Pods_github_fetcher.framework in Frameworks */ = {isa = PBXBuildFile; fileRef = B1B8E274F5D2B0C0D544FD88 /* Pods_github_fetcher.framework */; };
		B17EBF522AD2D07600FE938B /* Repository.swift in Sources */ = {isa = PBXBuildFile; fileRef = B17EBF512AD2D07600FE938B /* Repository.swift */; };
		B19F3B4E2AD2BA44000524A0 /* AppDelegate.swift in Sources */ = {isa = PBXBuildFile; fileRef = B19F3B4D2AD2BA44000524A0 /* AppDelegate.swift */; };
		B19F3B502AD2BA44000524A0 /* SceneDelegate.swift in Sources */ = {isa = PBXBuildFile; fileRef = B19F3B4F2AD2BA44000524A0 /* SceneDelegate.swift */; };
		B19F3B522AD2BA44000524A0 /* ViewController.swift in Sources */ = {isa = PBXBuildFile; fileRef = B19F3B512AD2BA44000524A0 /* ViewController.swift */; };
		B19F3B572AD2BA45000524A0 /* Assets.xcassets in Resources */ = {isa = PBXBuildFile; fileRef = B19F3B562AD2BA45000524A0 /* Assets.xcassets */; };
		B19F3B5A2AD2BA45000524A0 /* LaunchScreen.storyboard in Resources */ = {isa = PBXBuildFile; fileRef = B19F3B582AD2BA45000524A0 /* LaunchScreen.storyboard */; };
		B1F48C772AD31A2E00663E8B /* Router.swift in Sources */ = {isa = PBXBuildFile; fileRef = B1F48C762AD31A2E00663E8B /* Router.swift */; };
		B1F48C7B2AD3260C00663E8B /* ApiManager.swift in Sources */ = {isa = PBXBuildFile; fileRef = B1F48C7A2AD3260C00663E8B /* ApiManager.swift */; };
		B1F48C7D2AD3272500663E8B /* Response.swift in Sources */ = {isa = PBXBuildFile; fileRef = B1F48C7C2AD3272500663E8B /* Response.swift */; };
/* End PBXBuildFile section */

/* Begin PBXFileReference section */
		2C08C413B46361F5863B3AAE /* Pods-github-fetcher.debug.xcconfig */ = {isa = PBXFileReference; includeInIndex = 1; lastKnownFileType = text.xcconfig; name = "Pods-github-fetcher.debug.xcconfig"; path = "Target Support Files/Pods-github-fetcher/Pods-github-fetcher.debug.xcconfig"; sourceTree = "<group>"; };
		74CB27B4821250008AA3AB4A /* Pods-github-fetcher.release.xcconfig */ = {isa = PBXFileReference; includeInIndex = 1; lastKnownFileType = text.xcconfig; name = "Pods-github-fetcher.release.xcconfig"; path = "Target Support Files/Pods-github-fetcher/Pods-github-fetcher.release.xcconfig"; sourceTree = "<group>"; };
		B17EBF512AD2D07600FE938B /* Repository.swift */ = {isa = PBXFileReference; lastKnownFileType = sourcecode.swift; path = Repository.swift; sourceTree = "<group>"; };
		B19F3B4A2AD2BA44000524A0 /* github-fetcher.app */ = {isa = PBXFileReference; explicitFileType = wrapper.application; includeInIndex = 0; path = "github-fetcher.app"; sourceTree = BUILT_PRODUCTS_DIR; };
		B19F3B4D2AD2BA44000524A0 /* AppDelegate.swift */ = {isa = PBXFileReference; lastKnownFileType = sourcecode.swift; path = AppDelegate.swift; sourceTree = "<group>"; };
		B19F3B4F2AD2BA44000524A0 /* SceneDelegate.swift */ = {isa = PBXFileReference; lastKnownFileType = sourcecode.swift; path = SceneDelegate.swift; sourceTree = "<group>"; };
		B19F3B512AD2BA44000524A0 /* ViewController.swift */ = {isa = PBXFileReference; lastKnownFileType = sourcecode.swift; path = ViewController.swift; sourceTree = "<group>"; };
		B19F3B562AD2BA45000524A0 /* Assets.xcassets */ = {isa = PBXFileReference; lastKnownFileType = folder.assetcatalog; path = Assets.xcassets; sourceTree = "<group>"; };
		B19F3B592AD2BA45000524A0 /* Base */ = {isa = PBXFileReference; lastKnownFileType = file.storyboard; name = Base; path = Base.lproj/LaunchScreen.storyboard; sourceTree = "<group>"; };
		B19F3B5B2AD2BA45000524A0 /* Info.plist */ = {isa = PBXFileReference; lastKnownFileType = text.plist.xml; path = Info.plist; sourceTree = "<group>"; };
		B1B8E274F5D2B0C0D544FD88 /* Pods_github_fetcher.framework */ = {isa = PBXFileReference; explicitFileType = wrapper.framework; includeInIndex = 0; path = Pods_github_fetcher.framework; sourceTree = BUILT_PRODUCTS_DIR; };
		B1F48C762AD31A2E00663E8B /* Router.swift */ = {isa = PBXFileReference; lastKnownFileType = sourcecode.swift; path = Router.swift; sourceTree = "<group>"; };
		B1F48C7A2AD3260C00663E8B /* ApiManager.swift */ = {isa = PBXFileReference; lastKnownFileType = sourcecode.swift; path = ApiManager.swift; sourceTree = "<group>"; };
		B1F48C7C2AD3272500663E8B /* Response.swift */ = {isa = PBXFileReference; lastKnownFileType = sourcecode.swift; path = Response.swift; sourceTree = "<group>"; };
/* End PBXFileReference section */

/* Begin PBXFrameworksBuildPhase section */
		B19F3B472AD2BA44000524A0 /* Frameworks */ = {
			isa = PBXFrameworksBuildPhase;
			buildActionMask = 2147483647;
			files = (
				1F4F920CD13433A4D712DA18 /* Pods_github_fetcher.framework in Frameworks */,
			);
			runOnlyForDeploymentPostprocessing = 0;
		};
/* End PBXFrameworksBuildPhase section */

/* Begin PBXGroup section */
		2AB64A70FC344B22AA907D7A /* Frameworks */ = {
			isa = PBXGroup;
			children = (
				B1B8E274F5D2B0C0D544FD88 /* Pods_github_fetcher.framework */,
			);
			name = Frameworks;
			sourceTree = "<group>";
		};
		5A6BBE6152C164EC39A2B5D9 /* Pods */ = {
			isa = PBXGroup;
			children = (
				2C08C413B46361F5863B3AAE /* Pods-github-fetcher.debug.xcconfig */,
				74CB27B4821250008AA3AB4A /* Pods-github-fetcher.release.xcconfig */,
			);
			path = Pods;
			sourceTree = "<group>";
		};
		B17EBF532AD317E300FE938B /* Service */ = {
			isa = PBXGroup;
			children = (
				B1F48C752AD31A1000663E8B /* Network */,
			);
			path = Service;
			sourceTree = "<group>";
		};
		B19F3B412AD2BA44000524A0 = {
			isa = PBXGroup;
			children = (
				B19F3B4C2AD2BA44000524A0 /* github-fetcher */,
				B19F3B4B2AD2BA44000524A0 /* Products */,
				5A6BBE6152C164EC39A2B5D9 /* Pods */,
				2AB64A70FC344B22AA907D7A /* Frameworks */,
			);
			sourceTree = "<group>";
		};
		B19F3B4B2AD2BA44000524A0 /* Products */ = {
			isa = PBXGroup;
			children = (
				B19F3B4A2AD2BA44000524A0 /* github-fetcher.app */,
			);
			name = Products;
			sourceTree = "<group>";
		};
		B19F3B4C2AD2BA44000524A0 /* github-fetcher */ = {
			isa = PBXGroup;
			children = (
				B19F3B4D2AD2BA44000524A0 /* AppDelegate.swift */,
				B19F3B4F2AD2BA44000524A0 /* SceneDelegate.swift */,
				B19F3B512AD2BA44000524A0 /* ViewController.swift */,
				B17EBF532AD317E300FE938B /* Service */,
				B1A2C4F02AD2CCA400B06E1D /* Model */,
				B1A2C4F12AD2CCB000B06E1D /* UI */,
				B19F3B562AD2BA45000524A0 /* Assets.xcassets */,
				B19F3B582AD2BA45000524A0 /* LaunchScreen.storyboard */,
				B19F3B5B2AD2BA45000524A0 /* Info.plist */,
			);
			path = "github-fetcher";
			sourceTree = "<group>";
		};
		B1A2C4F02AD2CCA400B06E1D /* Model */ = {
			isa = PBXGroup;
			children = (
				B17EBF512AD2D07600FE938B /* Repository.swift */,
			);
			path = Model;
			sourceTree = "<group>";
		};
		B1F48C752AD31A1000663E8B /* Network */ = {
			isa = PBXGroup;
			children = (
				B1F48C7A2AD3260C00663E8B /* ApiManager.swift */,
				B1F48C762AD31A2E00663E8B /* Router.swift */,
				B1F48C7C2AD3272500663E8B /* Response.swift */,
			);
			path = Network;
			sourceTree = "<group>";
		};
/* End PBXGroup section */

/* Begin PBXNativeTarget section */
		B19F3B492AD2BA44000524A0 /* github-fetcher */ = {
			isa = PBXNativeTarget;
			buildConfigurationList = B19F3B5E2AD2BA45000524A0 /* Build configuration list for PBXNativeTarget "github-fetcher" */;
			buildPhases = (
				11084CA713F25098BFFB455A /* [CP] Check Pods Manifest.lock */,
				B19F3B462AD2BA44000524A0 /* Sources */,
				B19F3B472AD2BA44000524A0 /* Frameworks */,
				B19F3B482AD2BA44000524A0 /* Resources */,
				B3FFBA55033B866B8693570E /* [CP] Embed Pods Frameworks */,
			);
			buildRules = (
			);
			dependencies = (
			);
			name = "github-fetcher";
			productName = "github-fetcher";
			productReference = B19F3B4A2AD2BA44000524A0 /* github-fetcher.app */;
			productType = "com.apple.product-type.application";
		};
/* End PBXNativeTarget section */

/* Begin PBXProject section */
		B19F3B422AD2BA44000524A0 /* Project object */ = {
			isa = PBXProject;
			attributes = {
				BuildIndependentTargetsInParallel = 1;
				LastSwiftUpdateCheck = 1430;
				LastUpgradeCheck = 1430;
				TargetAttributes = {
					B19F3B492AD2BA44000524A0 = {
						CreatedOnToolsVersion = 14.3.1;
					};
				};
			};
			buildConfigurationList = B19F3B452AD2BA44000524A0 /* Build configuration list for PBXProject "github-fetcher" */;
			compatibilityVersion = "Xcode 14.0";
			developmentRegion = en;
			hasScannedForEncodings = 0;
			knownRegions = (
				en,
				Base,
			);
			mainGroup = B19F3B412AD2BA44000524A0;
			productRefGroup = B19F3B4B2AD2BA44000524A0 /* Products */;
			projectDirPath = "";
			projectRoot = "";
			targets = (
				B19F3B492AD2BA44000524A0 /* github-fetcher */,
			);
		};
/* End PBXProject section */

/* Begin PBXResourcesBuildPhase section */
		B19F3B482AD2BA44000524A0 /* Resources */ = {
			isa = PBXResourcesBuildPhase;
			buildActionMask = 2147483647;
			files = (
				B19F3B5A2AD2BA45000524A0 /* LaunchScreen.storyboard in Resources */,
				B19F3B572AD2BA45000524A0 /* Assets.xcassets in Resources */,
			);
			runOnlyForDeploymentPostprocessing = 0;
		};
/* End PBXResourcesBuildPhase section */

/* Begin PBXShellScriptBuildPhase section */
		11084CA713F25098BFFB455A /* [CP] Check Pods Manifest.lock */ = {
			isa = PBXShellScriptBuildPhase;
			buildActionMask = 2147483647;
			files = (
			);
			inputFileListPaths = (
			);
			inputPaths = (
				"${PODS_PODFILE_DIR_PATH}/Podfile.lock",
				"${PODS_ROOT}/Manifest.lock",
			);
			name = "[CP] Check Pods Manifest.lock";
			outputFileListPaths = (
			);
			outputPaths = (
				"$(DERIVED_FILE_DIR)/Pods-github-fetcher-checkManifestLockResult.txt",
			);
			runOnlyForDeploymentPostprocessing = 0;
			shellPath = /bin/sh;
			shellScript = "diff \"${PODS_PODFILE_DIR_PATH}/Podfile.lock\" \"${PODS_ROOT}/Manifest.lock\" > /dev/null\nif [ $? != 0 ] ; then\n    # print error to STDERR\n    echo \"error: The sandbox is not in sync with the Podfile.lock. Run 'pod install' or update your CocoaPods installation.\" >&2\n    exit 1\nfi\n# This output is used by Xcode 'outputs' to avoid re-running this script phase.\necho \"SUCCESS\" > \"${SCRIPT_OUTPUT_FILE_0}\"\n";
			showEnvVarsInLog = 0;
		};
		B3FFBA55033B866B8693570E /* [CP] Embed Pods Frameworks */ = {
			isa = PBXShellScriptBuildPhase;
			buildActionMask = 2147483647;
			files = (
			);
			inputFileListPaths = (
				"${PODS_ROOT}/Target Support Files/Pods-github-fetcher/Pods-github-fetcher-frameworks-${CONFIGURATION}-input-files.xcfilelist",
			);
			name = "[CP] Embed Pods Frameworks";
			outputFileListPaths = (
				"${PODS_ROOT}/Target Support Files/Pods-github-fetcher/Pods-github-fetcher-frameworks-${CONFIGURATION}-output-files.xcfilelist",
			);
			runOnlyForDeploymentPostprocessing = 0;
			shellPath = /bin/sh;
			shellScript = "\"${PODS_ROOT}/Target Support Files/Pods-github-fetcher/Pods-github-fetcher-frameworks.sh\"\n";
			showEnvVarsInLog = 0;
		};
/* End PBXShellScriptBuildPhase section */

/* Begin PBXSourcesBuildPhase section */
		B19F3B462AD2BA44000524A0 /* Sources */ = {
			isa = PBXSourcesBuildPhase;
			buildActionMask = 2147483647;
			files = (
				B19F3B522AD2BA44000524A0 /* ViewController.swift in Sources */,
				B19F3B4E2AD2BA44000524A0 /* AppDelegate.swift in Sources */,
				B19F3B502AD2BA44000524A0 /* SceneDelegate.swift in Sources */,
				B1F48C772AD31A2E00663E8B /* Router.swift in Sources */,
				B1F48C7B2AD3260C00663E8B /* ApiManager.swift in Sources */,
				B17EBF522AD2D07600FE938B /* Repository.swift in Sources */,
				B1F48C7D2AD3272500663E8B /* Response.swift in Sources */,
			);
			runOnlyForDeploymentPostprocessing = 0;
		};
/* End PBXSourcesBuildPhase section */

/* Begin PBXVariantGroup section */
		B19F3B582AD2BA45000524A0 /* LaunchScreen.storyboard */ = {
			isa = PBXVariantGroup;
			children = (
				B19F3B592AD2BA45000524A0 /* Base */,
			);
			name = LaunchScreen.storyboard;
			sourceTree = "<group>";
		};
/* End PBXVariantGroup section */

/* Begin XCBuildConfiguration section */
		B19F3B5C2AD2BA45000524A0 /* Debug */ = {
			isa = XCBuildConfiguration;
			buildSettings = {
				ALWAYS_SEARCH_USER_PATHS = NO;
				CLANG_ANALYZER_NONNULL = YES;
				CLANG_ANALYZER_NUMBER_OBJECT_CONVERSION = YES_AGGRESSIVE;
				CLANG_CXX_LANGUAGE_STANDARD = "gnu++20";
				CLANG_ENABLE_MODULES = YES;
				CLANG_ENABLE_OBJC_ARC = YES;
				CLANG_ENABLE_OBJC_WEAK = YES;
				CLANG_WARN_BLOCK_CAPTURE_AUTORELEASING = YES;
				CLANG_WARN_BOOL_CONVERSION = YES;
				CLANG_WARN_COMMA = YES;
				CLANG_WARN_CONSTANT_CONVERSION = YES;
				CLANG_WARN_DEPRECATED_OBJC_IMPLEMENTATIONS = YES;
				CLANG_WARN_DIRECT_OBJC_ISA_USAGE = YES_ERROR;
				CLANG_WARN_DOCUMENTATION_COMMENTS = YES;
				CLANG_WARN_EMPTY_BODY = YES;
				CLANG_WARN_ENUM_CONVERSION = YES;
				CLANG_WARN_INFINITE_RECURSION = YES;
				CLANG_WARN_INT_CONVERSION = YES;
				CLANG_WARN_NON_LITERAL_NULL_CONVERSION = YES;
				CLANG_WARN_OBJC_IMPLICIT_RETAIN_SELF = YES;
				CLANG_WARN_OBJC_LITERAL_CONVERSION = YES;
				CLANG_WARN_OBJC_ROOT_CLASS = YES_ERROR;
				CLANG_WARN_QUOTED_INCLUDE_IN_FRAMEWORK_HEADER = YES;
				CLANG_WARN_RANGE_LOOP_ANALYSIS = YES;
				CLANG_WARN_STRICT_PROTOTYPES = YES;
				CLANG_WARN_SUSPICIOUS_MOVE = YES;
				CLANG_WARN_UNGUARDED_AVAILABILITY = YES_AGGRESSIVE;
				CLANG_WARN_UNREACHABLE_CODE = YES;
				CLANG_WARN__DUPLICATE_METHOD_MATCH = YES;
				COPY_PHASE_STRIP = NO;
				DEBUG_INFORMATION_FORMAT = dwarf;
				ENABLE_STRICT_OBJC_MSGSEND = YES;
				ENABLE_TESTABILITY = YES;
				GCC_C_LANGUAGE_STANDARD = gnu11;
				GCC_DYNAMIC_NO_PIC = NO;
				GCC_NO_COMMON_BLOCKS = YES;
				GCC_OPTIMIZATION_LEVEL = 0;
				GCC_PREPROCESSOR_DEFINITIONS = (
					"DEBUG=1",
					"$(inherited)",
				);
				GCC_WARN_64_TO_32_BIT_CONVERSION = YES;
				GCC_WARN_ABOUT_RETURN_TYPE = YES_ERROR;
				GCC_WARN_UNDECLARED_SELECTOR = YES;
				GCC_WARN_UNINITIALIZED_AUTOS = YES_AGGRESSIVE;
				GCC_WARN_UNUSED_FUNCTION = YES;
				GCC_WARN_UNUSED_VARIABLE = YES;
				IPHONEOS_DEPLOYMENT_TARGET = 16.4;
				MTL_ENABLE_DEBUG_INFO = INCLUDE_SOURCE;
				MTL_FAST_MATH = YES;
				ONLY_ACTIVE_ARCH = YES;
				SDKROOT = iphoneos;
				SWIFT_ACTIVE_COMPILATION_CONDITIONS = DEBUG;
				SWIFT_OPTIMIZATION_LEVEL = "-Onone";
			};
			name = Debug;
		};
		B19F3B5D2AD2BA45000524A0 /* Release */ = {
			isa = XCBuildConfiguration;
			buildSettings = {
				ALWAYS_SEARCH_USER_PATHS = NO;
				CLANG_ANALYZER_NONNULL = YES;
				CLANG_ANALYZER_NUMBER_OBJECT_CONVERSION = YES_AGGRESSIVE;
				CLANG_CXX_LANGUAGE_STANDARD = "gnu++20";
				CLANG_ENABLE_MODULES = YES;
				CLANG_ENABLE_OBJC_ARC = YES;
				CLANG_ENABLE_OBJC_WEAK = YES;
				CLANG_WARN_BLOCK_CAPTURE_AUTORELEASING = YES;
				CLANG_WARN_BOOL_CONVERSION = YES;
				CLANG_WARN_COMMA = YES;
				CLANG_WARN_CONSTANT_CONVERSION = YES;
				CLANG_WARN_DEPRECATED_OBJC_IMPLEMENTATIONS = YES;
				CLANG_WARN_DIRECT_OBJC_ISA_USAGE = YES_ERROR;
				CLANG_WARN_DOCUMENTATION_COMMENTS = YES;
				CLANG_WARN_EMPTY_BODY = YES;
				CLANG_WARN_ENUM_CONVERSION = YES;
				CLANG_WARN_INFINITE_RECURSION = YES;
				CLANG_WARN_INT_CONVERSION = YES;
				CLANG_WARN_NON_LITERAL_NULL_CONVERSION = YES;
				CLANG_WARN_OBJC_IMPLICIT_RETAIN_SELF = YES;
				CLANG_WARN_OBJC_LITERAL_CONVERSION = YES;
				CLANG_WARN_OBJC_ROOT_CLASS = YES_ERROR;
				CLANG_WARN_QUOTED_INCLUDE_IN_FRAMEWORK_HEADER = YES;
				CLANG_WARN_RANGE_LOOP_ANALYSIS = YES;
				CLANG_WARN_STRICT_PROTOTYPES = YES;
				CLANG_WARN_SUSPICIOUS_MOVE = YES;
				CLANG_WARN_UNGUARDED_AVAILABILITY = YES_AGGRESSIVE;
				CLANG_WARN_UNREACHABLE_CODE = YES;
				CLANG_WARN__DUPLICATE_METHOD_MATCH = YES;
				COPY_PHASE_STRIP = NO;
				DEBUG_INFORMATION_FORMAT = "dwarf-with-dsym";
				ENABLE_NS_ASSERTIONS = NO;
				ENABLE_STRICT_OBJC_MSGSEND = YES;
				GCC_C_LANGUAGE_STANDARD = gnu11;
				GCC_NO_COMMON_BLOCKS = YES;
				GCC_WARN_64_TO_32_BIT_CONVERSION = YES;
				GCC_WARN_ABOUT_RETURN_TYPE = YES_ERROR;
				GCC_WARN_UNDECLARED_SELECTOR = YES;
				GCC_WARN_UNINITIALIZED_AUTOS = YES_AGGRESSIVE;
				GCC_WARN_UNUSED_FUNCTION = YES;
				GCC_WARN_UNUSED_VARIABLE = YES;
				IPHONEOS_DEPLOYMENT_TARGET = 16.4;
				MTL_ENABLE_DEBUG_INFO = NO;
				MTL_FAST_MATH = YES;
				SDKROOT = iphoneos;
				SWIFT_COMPILATION_MODE = wholemodule;
				SWIFT_OPTIMIZATION_LEVEL = "-O";
				VALIDATE_PRODUCT = YES;
			};
			name = Release;
		};
		B19F3B5F2AD2BA45000524A0 /* Debug */ = {
			isa = XCBuildConfiguration;
			baseConfigurationReference = 2C08C413B46361F5863B3AAE /* Pods-github-fetcher.debug.xcconfig */;
			buildSettings = {
				ASSETCATALOG_COMPILER_APPICON_NAME = AppIcon;
				ASSETCATALOG_COMPILER_GLOBAL_ACCENT_COLOR_NAME = AccentColor;
				CODE_SIGN_STYLE = Automatic;
				CURRENT_PROJECT_VERSION = 1;
				GENERATE_INFOPLIST_FILE = YES;
				INFOPLIST_FILE = "github-fetcher/Info.plist";
				INFOPLIST_KEY_UIApplicationSupportsIndirectInputEvents = YES;
				INFOPLIST_KEY_UILaunchStoryboardName = LaunchScreen;
				INFOPLIST_KEY_UIMainStoryboardFile = "";
				INFOPLIST_KEY_UISupportedInterfaceOrientations = UIInterfaceOrientationPortrait;
				INFOPLIST_KEY_UISupportedInterfaceOrientations_iPad = "UIInterfaceOrientationLandscapeLeft UIInterfaceOrientationLandscapeRight UIInterfaceOrientationPortrait UIInterfaceOrientationPortraitUpsideDown";
				IPHONEOS_DEPLOYMENT_TARGET = 13.0;
				LD_RUNPATH_SEARCH_PATHS = (
					"$(inherited)",
					"@executable_path/Frameworks",
				);
				MARKETING_VERSION = 1.0;
				PRODUCT_BUNDLE_IDENTIFIER = "com.superappkid.www.github-fetcher";
				PRODUCT_NAME = "$(TARGET_NAME)";
				SUPPORTED_PLATFORMS = "iphoneos iphonesimulator";
				SUPPORTS_MACCATALYST = NO;
				SUPPORTS_MAC_DESIGNED_FOR_IPHONE_IPAD = NO;
				SWIFT_EMIT_LOC_STRINGS = YES;
				SWIFT_VERSION = 5.0;
				TARGETED_DEVICE_FAMILY = 1;
			};
			name = Debug;
		};
		B19F3B602AD2BA45000524A0 /* Release */ = {
			isa = XCBuildConfiguration;
			baseConfigurationReference = 74CB27B4821250008AA3AB4A /* Pods-github-fetcher.release.xcconfig */;
			buildSettings = {
				ASSETCATALOG_COMPILER_APPICON_NAME = AppIcon;
				ASSETCATALOG_COMPILER_GLOBAL_ACCENT_COLOR_NAME = AccentColor;
				CODE_SIGN_STYLE = Automatic;
				CURRENT_PROJECT_VERSION = 1;
				GENERATE_INFOPLIST_FILE = YES;
				INFOPLIST_FILE = "github-fetcher/Info.plist";
				INFOPLIST_KEY_UIApplicationSupportsIndirectInputEvents = YES;
				INFOPLIST_KEY_UILaunchStoryboardName = LaunchScreen;
				INFOPLIST_KEY_UIMainStoryboardFile = "";
				INFOPLIST_KEY_UISupportedInterfaceOrientations = UIInterfaceOrientationPortrait;
				INFOPLIST_KEY_UISupportedInterfaceOrientations_iPad = "UIInterfaceOrientationLandscapeLeft UIInterfaceOrientationLandscapeRight UIInterfaceOrientationPortrait UIInterfaceOrientationPortraitUpsideDown";
				IPHONEOS_DEPLOYMENT_TARGET = 13.0;
				LD_RUNPATH_SEARCH_PATHS = (
					"$(inherited)",
					"@executable_path/Frameworks",
				);
				MARKETING_VERSION = 1.0;
				PRODUCT_BUNDLE_IDENTIFIER = "com.superappkid.www.github-fetcher";
				PRODUCT_NAME = "$(TARGET_NAME)";
				SUPPORTED_PLATFORMS = "iphoneos iphonesimulator";
				SUPPORTS_MACCATALYST = NO;
				SUPPORTS_MAC_DESIGNED_FOR_IPHONE_IPAD = NO;
				SWIFT_EMIT_LOC_STRINGS = YES;
				SWIFT_VERSION = 5.0;
				TARGETED_DEVICE_FAMILY = 1;
			};
			name = Release;
		};
/* End XCBuildConfiguration section */

/* Begin XCConfigurationList section */
		B19F3B452AD2BA44000524A0 /* Build configuration list for PBXProject "github-fetcher" */ = {
			isa = XCConfigurationList;
			buildConfigurations = (
				B19F3B5C2AD2BA45000524A0 /* Debug */,
				B19F3B5D2AD2BA45000524A0 /* Release */,
			);
			defaultConfigurationIsVisible = 0;
			defaultConfigurationName = Release;
		};
		B19F3B5E2AD2BA45000524A0 /* Build configuration list for PBXNativeTarget "github-fetcher" */ = {
			isa = XCConfigurationList;
			buildConfigurations = (
				B19F3B5F2AD2BA45000524A0 /* Debug */,
				B19F3B602AD2BA45000524A0 /* Release */,
			);
			defaultConfigurationIsVisible = 0;
			defaultConfigurationName = Release;
		};
/* End XCConfigurationList section */
	};
	rootObject = B19F3B422AD2BA44000524A0 /* Project object */;
}
